
Microsoft Visual Studio Solution File, Format Version 12.00
# Visual Studio 14
VisualStudioVersion = 14.0.23107.0
MinimumVisualStudioVersion = 10.0.40219.1
Project("{2150E333-8FDC-42A3-9474-1A3956D46DE8}") = ".nuget", ".nuget", "{53D4A3D4-5070-4DBC-A486-7015F7A42708}"
	ProjectSection(SolutionItems) = preProject
		.nuget\NuGet.Config = .nuget\NuGet.Config
		.nuget\NuGet.exe = .nuget\NuGet.exe
		.nuget\NuGet.targets = .nuget\NuGet.targets
	EndProjectSection
EndProject
Project("{FAE04EC0-301F-11D3-BF4B-00C04F79EFBC}") = "Arrbora.UI", "ArrboraUI\Arrbora.UI.csproj", "{E61B3413-71DC-4267-8B5A-7B185A5A8545}"
EndProject
Project("{FAE04EC0-301F-11D3-BF4B-00C04F79EFBC}") = "Arrbora.Data", "Arrbora.Data\Arrbora.Data.csproj", "{3C42C765-1248-469D-8103-A8268D9B50E0}"
EndProject
Project("{FAE04EC0-301F-11D3-BF4B-00C04F79EFBC}") = "Arrbora.BusinessLogic", "Arrbora.BusinessLogic\Arrbora.BusinessLogic.csproj", "{1B576CCC-3942-4E3E-82C0-A15A233DD166}"
EndProject
Global
	GlobalSection(SolutionConfigurationPlatforms) = preSolution
		Debug|Any CPU = Debug|Any CPU
		Debug|Mixed Platforms = Debug|Mixed Platforms
		Debug|x86 = Debug|x86
		Release|Any CPU = Release|Any CPU
		Release|Mixed Platforms = Release|Mixed Platforms
		Release|x86 = Release|x86
	EndGlobalSection
	GlobalSection(ProjectConfigurationPlatforms) = postSolution
		{E61B3413-71DC-4267-8B5A-7B185A5A8545}.Debug|Any CPU.ActiveCfg = Debug|Any CPU
		{E61B3413-71DC-4267-8B5A-7B185A5A8545}.Debug|Any CPU.Build.0 = Debug|Any CPU
		{E61B3413-71DC-4267-8B5A-7B185A5A8545}.Debug|Mixed Platforms.ActiveCfg = Debug|Any CPU
		{E61B3413-71DC-4267-8B5A-7B185A5A8545}.Debug|Mixed Platforms.Build.0 = Debug|Any CPU
		{E61B3413-71DC-4267-8B5A-7B185A5A8545}.Debug|x86.ActiveCfg = Debug|Any CPU
		{E61B3413-71DC-4267-8B5A-7B185A5A8545}.Debug|x86.Build.0 = Debug|Any CPU
		{E61B3413-71DC-4267-8B5A-7B185A5A8545}.Release|Any CPU.ActiveCfg = Release|Any CPU
		{E61B3413-71DC-4267-8B5A-7B185A5A8545}.Release|Any CPU.Build.0 = Release|Any CPU
		{E61B3413-71DC-4267-8B5A-7B185A5A8545}.Release|Mixed Platforms.ActiveCfg = Release|Any CPU
		{E61B3413-71DC-4267-8B5A-7B185A5A8545}.Release|Mixed Platforms.Build.0 = Release|Any CPU
		{E61B3413-71DC-4267-8B5A-7B185A5A8545}.Release|x86.ActiveCfg = Release|Any CPU
		{E61B3413-71DC-4267-8B5A-7B185A5A8545}.Release|x86.Build.0 = Release|Any CPU
		{3C42C765-1248-469D-8103-A8268D9B50E0}.Debug|Any CPU.ActiveCfg = Debug|Any CPU
		{3C42C765-1248-469D-8103-A8268D9B50E0}.Debug|Any CPU.Build.0 = Debug|Any CPU
		{3C42C765-1248-469D-8103-A8268D9B50E0}.Debug|Mixed Platforms.ActiveCfg = Debug|Any CPU
		{3C42C765-1248-469D-8103-A8268D9B50E0}.Debug|Mixed Platforms.Build.0 = Debug|Any CPU
		{3C42C765-1248-469D-8103-A8268D9B50E0}.Debug|x86.ActiveCfg = Debug|Any CPU
		{3C42C765-1248-469D-8103-A8268D9B50E0}.Debug|x86.Build.0 = Debug|Any CPU
		{3C42C765-1248-469D-8103-A8268D9B50E0}.Release|Any CPU.ActiveCfg = Release|Any CPU
		{3C42C765-1248-469D-8103-A8268D9B50E0}.Release|Any CPU.Build.0 = Release|Any CPU
		{3C42C765-1248-469D-8103-A8268D9B50E0}.Release|Mixed Platforms.ActiveCfg = Release|Any CPU
		{3C42C765-1248-469D-8103-A8268D9B50E0}.Release|Mixed Platforms.Build.0 = Release|Any CPU
		{3C42C765-1248-469D-8103-A8268D9B50E0}.Release|x86.ActiveCfg = Release|Any CPU
		{3C42C765-1248-469D-8103-A8268D9B50E0}.Release|x86.Build.0 = Release|Any CPU
		{1B576CCC-3942-4E3E-82C0-A15A233DD166}.Debug|Any CPU.ActiveCfg = Debug|Any CPU
		{1B576CCC-3942-4E3E-82C0-A15A233DD166}.Debug|Any CPU.Build.0 = Debug|Any CPU
		{1B576CCC-3942-4E3E-82C0-A15A233DD166}.Debug|Mixed Platforms.ActiveCfg = Debug|Any CPU
		{1B576CCC-3942-4E3E-82C0-A15A233DD166}.Debug|Mixed Platforms.Build.0 = Debug|Any CPU
		{1B576CCC-3942-4E3E-82C0-A15A233DD166}.Debug|x86.ActiveCfg = Debug|Any CPU
		{1B576CCC-3942-4E3E-82C0-A15A233DD166}.Debug|x86.Build.0 = Debug|Any CPU
		{1B576CCC-3942-4E3E-82C0-A15A233DD166}.Release|Any CPU.ActiveCfg = Release|Any CPU
		{1B576CCC-3942-4E3E-82C0-A15A233DD166}.Release|Any CPU.Build.0 = Release|Any CPU
		{1B576CCC-3942-4E3E-82C0-A15A233DD166}.Release|Mixed Platforms.ActiveCfg = Release|Any CPU
		{1B576CCC-3942-4E3E-82C0-A15A233DD166}.Release|Mixed Platforms.Build.0 = Release|Any CPU
		{1B576CCC-3942-4E3E-82C0-A15A233DD166}.Release|x86.ActiveCfg = Release|Any CPU
		{1B576CCC-3942-4E3E-82C0-A15A233DD166}.Release|x86.Build.0 = Release|Any CPU
	EndGlobalSection
	GlobalSection(SolutionProperties) = preSolution
		HideSolutionNode = FALSE
	EndGlobalSection
EndGlobal
